# THIS IS AN AUTOGENERATED FILE. DO NOT EDIT THIS FILE DIRECTLY.
# yarn lockfile v1


"@use-gesture/core@^10.0.0-beta.21":
  version "10.0.0-beta.21"
  resolved "https://registry.yarnpkg.com/@use-gesture/core/-/core-10.0.0-beta.21.tgz#3af4bd698e695f8b3ac7f5cf758d1a0d7d9e915b"
  integrity sha512-0PJAAe+kWLRhJRoM0Fciy9qgyciAaFAUjCv1TbYs8ZnS2NM2e4ZXRaVoEPhNm2SYQLR4tstirr2d1L/EJixj9Q==

husky@7:
  version "7.0.1"
  resolved "https://registry.yarnpkg.com/husky/-/husky-7.0.1.tgz#579f4180b5da4520263e8713cc832942b48e1f1c"
  integrity sha512-gceRaITVZ+cJH9sNHqx5tFwbzlLCVxtVZcusME8JYQ8Edy5mpGDOqD8QBCdMhpyo9a+JXddnujQ4rpY2Ff9SJA==
